
Microsoft Visual Studio Solution File, Format Version 12.00
# Visual Studio Version 17
VisualStudioVersion = 17.5.002.0
MinimumVisualStudioVersion = 10.0.40219.1
Project("{9A19103F-16F7-4668-BE54-9A1E7A4F7556}") = "hfst", "hfst.csproj", "{31721622-86DE-4463-A025-592FD7915108}"
EndProject
Global
	GlobalSection(SolutionConfigurationPlatforms) = preSolution
		Debug|Any CPU = Debug|Any CPU
		Release|Any CPU = Release|Any CPU
	EndGlobalSection
	GlobalSection(ProjectConfigurationPlatforms) = postSolution
		{31721622-86DE-4463-A025-592FD7915108}.Debug|Any CPU.ActiveCfg = Debug|Any CPU
		{31721622-86DE-4463-A025-592FD7915108}.Debug|Any CPU.Build.0 = Debug|Any CPU
		{31721622-86DE-4463-A025-592FD7915108}.Release|Any CPU.ActiveCfg = Release|Any CPU
		{31721622-86DE-4463-A025-592FD7915108}.Release|Any CPU.Build.0 = Release|Any CPU
	EndGlobalSection
	GlobalSection(SolutionProperties) = preSolution
		HideSolutionNode = FALSE
	EndGlobalSection
	GlobalSection(ExtensibilityGlobals) = postSolution
		SolutionGuid = {9935EF5B-EFE7-4049-80AC-EBAA6CB63CB9}
	EndGlobalSection
EndGlobal
